// !$*UTF8*$!
{
	archiveVersion = 1;
	classes = {
	};
	objectVersion = 55;
	objects = {

/* Begin PBXBuildFile section */
		EF1B38BB297074F3001A18EC /* AppDelegate.swift in Sources */ = {isa = PBXBuildFile; fileRef = EF1B38BA297074F3001A18EC /* AppDelegate.swift */; };
		EF1B38BD297074F3001A18EC /* SceneDelegate.swift in Sources */ = {isa = PBXBuildFile; fileRef = EF1B38BC297074F3001A18EC /* SceneDelegate.swift */; };
		EF1B38C2297074F3001A18EC /* Main.storyboard in Resources */ = {isa = PBXBuildFile; fileRef = EF1B38C0297074F3001A18EC /* Main.storyboard */; };
		EF1B38C4297074F9001A18EC /* Assets.xcassets in Resources */ = {isa = PBXBuildFile; fileRef = EF1B38C3297074F9001A18EC /* Assets.xcassets */; };
		EF1B38C7297074F9001A18EC /* LaunchScreen.storyboard in Resources */ = {isa = PBXBuildFile; fileRef = EF1B38C5297074F9001A18EC /* LaunchScreen.storyboard */; };
		EF1B38D2297074F9001A18EC /* Fliqs_MoviesAppTests.swift in Sources */ = {isa = PBXBuildFile; fileRef = EF1B38D1297074F9001A18EC /* Fliqs_MoviesAppTests.swift */; };
		EF1B38DC297074F9001A18EC /* Fliqs_MoviesAppUITests.swift in Sources */ = {isa = PBXBuildFile; fileRef = EF1B38DB297074F9001A18EC /* Fliqs_MoviesAppUITests.swift */; };
		EF1B38DE297074F9001A18EC /* Fliqs_MoviesAppUITestsLaunchTests.swift in Sources */ = {isa = PBXBuildFile; fileRef = EF1B38DD297074F9001A18EC /* Fliqs_MoviesAppUITestsLaunchTests.swift */; };
		EF1B38EC297088BC001A18EC /* KoHo-Regular.ttf in Resources */ = {isa = PBXBuildFile; fileRef = EF1B38EB297088BC001A18EC /* KoHo-Regular.ttf */; };
		EF1B38ED297088BC001A18EC /* KoHo-Regular.ttf in Resources */ = {isa = PBXBuildFile; fileRef = EF1B38EB297088BC001A18EC /* KoHo-Regular.ttf */; };
		EF1B38EE297088BC001A18EC /* KoHo-Regular.ttf in Resources */ = {isa = PBXBuildFile; fileRef = EF1B38EB297088BC001A18EC /* KoHo-Regular.ttf */; };
		EF9004D32975E180006EDD63 /* Inter-Regular.ttf in Resources */ = {isa = PBXBuildFile; fileRef = EF9004D12975E180006EDD63 /* Inter-Regular.ttf */; };
		EF9004D42975E180006EDD63 /* Inter-Bold.ttf in Resources */ = {isa = PBXBuildFile; fileRef = EF9004D22975E180006EDD63 /* Inter-Bold.ttf */; };
		EF9004D92975EF4E006EDD63 /* OnboardingVC.swift in Sources */ = {isa = PBXBuildFile; fileRef = EF9004D82975EF4E006EDD63 /* OnboardingVC.swift */; };
		EF9004DC2979B709006EDD63 /* UiView.swift in Sources */ = {isa = PBXBuildFile; fileRef = EF9004DB2979B709006EDD63 /* UiView.swift */; };
/* End PBXBuildFile section */

/* Begin PBXContainerItemProxy section */
		EF1B38CE297074F9001A18EC /* PBXContainerItemProxy */ = {
			isa = PBXContainerItemProxy;
			containerPortal = EF1B38AF297074F2001A18EC /* Project object */;
			proxyType = 1;
			remoteGlobalIDString = EF1B38B6297074F3001A18EC;
			remoteInfo = "Fliqs MoviesApp";
		};
		EF1B38D8297074F9001A18EC /* PBXContainerItemProxy */ = {
			isa = PBXContainerItemProxy;
			containerPortal = EF1B38AF297074F2001A18EC /* Project object */;
			proxyType = 1;
			remoteGlobalIDString = EF1B38B6297074F3001A18EC;
			remoteInfo = "Fliqs MoviesApp";
		};
/* End PBXContainerItemProxy section */

/* Begin PBXFileReference section */
		EF1B38B7297074F3001A18EC /* Fliqs MoviesApp.app */ = {isa = PBXFileReference; explicitFileType = wrapper.application; includeInIndex = 0; path = "Fliqs MoviesApp.app"; sourceTree = BUILT_PRODUCTS_DIR; };
		EF1B38BA297074F3001A18EC /* AppDelegate.swift */ = {isa = PBXFileReference; lastKnownFileType = sourcecode.swift; path = AppDelegate.swift; sourceTree = "<group>"; };
		EF1B38BC297074F3001A18EC /* SceneDelegate.swift */ = {isa = PBXFileReference; lastKnownFileType = sourcecode.swift; path = SceneDelegate.swift; sourceTree = "<group>"; };
		EF1B38C1297074F3001A18EC /* Base */ = {isa = PBXFileReference; lastKnownFileType = file.storyboard; name = Base; path = Base.lproj/Main.storyboard; sourceTree = "<group>"; };
		EF1B38C3297074F9001A18EC /* Assets.xcassets */ = {isa = PBXFileReference; lastKnownFileType = folder.assetcatalog; path = Assets.xcassets; sourceTree = "<group>"; };
		EF1B38C6297074F9001A18EC /* Base */ = {isa = PBXFileReference; lastKnownFileType = file.storyboard; name = Base; path = Base.lproj/LaunchScreen.storyboard; sourceTree = "<group>"; };
		EF1B38C8297074F9001A18EC /* Info.plist */ = {isa = PBXFileReference; lastKnownFileType = text.plist.xml; path = Info.plist; sourceTree = "<group>"; };
		EF1B38CD297074F9001A18EC /* Fliqs MoviesAppTests.xctest */ = {isa = PBXFileReference; explicitFileType = wrapper.cfbundle; includeInIndex = 0; path = "Fliqs MoviesAppTests.xctest"; sourceTree = BUILT_PRODUCTS_DIR; };
		EF1B38D1297074F9001A18EC /* Fliqs_MoviesAppTests.swift */ = {isa = PBXFileReference; lastKnownFileType = sourcecode.swift; path = Fliqs_MoviesAppTests.swift; sourceTree = "<group>"; };
		EF1B38D7297074F9001A18EC /* Fliqs MoviesAppUITests.xctest */ = {isa = PBXFileReference; explicitFileType = wrapper.cfbundle; includeInIndex = 0; path = "Fliqs MoviesAppUITests.xctest"; sourceTree = BUILT_PRODUCTS_DIR; };
		EF1B38DB297074F9001A18EC /* Fliqs_MoviesAppUITests.swift */ = {isa = PBXFileReference; lastKnownFileType = sourcecode.swift; path = Fliqs_MoviesAppUITests.swift; sourceTree = "<group>"; };
		EF1B38DD297074F9001A18EC /* Fliqs_MoviesAppUITestsLaunchTests.swift */ = {isa = PBXFileReference; lastKnownFileType = sourcecode.swift; path = Fliqs_MoviesAppUITestsLaunchTests.swift; sourceTree = "<group>"; };
		EF1B38EB297088BC001A18EC /* KoHo-Regular.ttf */ = {isa = PBXFileReference; lastKnownFileType = file; path = "KoHo-Regular.ttf"; sourceTree = "<group>"; };
		EF9004D12975E180006EDD63 /* Inter-Regular.ttf */ = {isa = PBXFileReference; lastKnownFileType = file; path = "Inter-Regular.ttf"; sourceTree = "<group>"; };
		EF9004D22975E180006EDD63 /* Inter-Bold.ttf */ = {isa = PBXFileReference; lastKnownFileType = file; path = "Inter-Bold.ttf"; sourceTree = "<group>"; };
		EF9004D82975EF4E006EDD63 /* OnboardingVC.swift */ = {isa = PBXFileReference; lastKnownFileType = sourcecode.swift; path = OnboardingVC.swift; sourceTree = "<group>"; };
		EF9004DB2979B709006EDD63 /* UiView.swift */ = {isa = PBXFileReference; lastKnownFileType = sourcecode.swift; path = UiView.swift; sourceTree = "<group>"; };
/* End PBXFileReference section */

/* Begin PBXFrameworksBuildPhase section */
		EF1B38B4297074F3001A18EC /* Frameworks */ = {
			isa = PBXFrameworksBuildPhase;
			buildActionMask = 2147483647;
			files = (
			);
			runOnlyForDeploymentPostprocessing = 0;
		};
		EF1B38CA297074F9001A18EC /* Frameworks */ = {
			isa = PBXFrameworksBuildPhase;
			buildActionMask = 2147483647;
			files = (
			);
			runOnlyForDeploymentPostprocessing = 0;
		};
		EF1B38D4297074F9001A18EC /* Frameworks */ = {
			isa = PBXFrameworksBuildPhase;
			buildActionMask = 2147483647;
			files = (
			);
			runOnlyForDeploymentPostprocessing = 0;
		};
/* End PBXFrameworksBuildPhase section */

/* Begin PBXGroup section */
		EF1B38AE297074F2001A18EC = {
			isa = PBXGroup;
			children = (
				EF1B38B9297074F3001A18EC /* Fliqs MoviesApp */,
				EF1B38D0297074F9001A18EC /* Fliqs MoviesAppTests */,
				EF1B38DA297074F9001A18EC /* Fliqs MoviesAppUITests */,
				EF1B38B8297074F3001A18EC /* Products */,
			);
			sourceTree = "<group>";
		};
		EF1B38B8297074F3001A18EC /* Products */ = {
			isa = PBXGroup;
			children = (
				EF1B38B7297074F3001A18EC /* Fliqs MoviesApp.app */,
				EF1B38CD297074F9001A18EC /* Fliqs MoviesAppTests.xctest */,
				EF1B38D7297074F9001A18EC /* Fliqs MoviesAppUITests.xctest */,
			);
			name = Products;
			sourceTree = "<group>";
		};
		EF1B38B9297074F3001A18EC /* Fliqs MoviesApp */ = {
			isa = PBXGroup;
			children = (
				EF9004DA2979B6DF006EDD63 /* Extensions */,
				EF9004D62975EF07006EDD63 /* Screens */,
				EF1B38EA29708859001A18EC /* Fonts */,
				EF1B38BA297074F3001A18EC /* AppDelegate.swift */,
				EF1B38BC297074F3001A18EC /* SceneDelegate.swift */,
				EF1B38C0297074F3001A18EC /* Main.storyboard */,
				EF1B38C3297074F9001A18EC /* Assets.xcassets */,
				EF1B38C5297074F9001A18EC /* LaunchScreen.storyboard */,
				EF1B38C8297074F9001A18EC /* Info.plist */,
			);
			path = "Fliqs MoviesApp";
			sourceTree = "<group>";
		};
		EF1B38D0297074F9001A18EC /* Fliqs MoviesAppTests */ = {
			isa = PBXGroup;
			children = (
				EF1B38D1297074F9001A18EC /* Fliqs_MoviesAppTests.swift */,
			);
			path = "Fliqs MoviesAppTests";
			sourceTree = "<group>";
		};
		EF1B38DA297074F9001A18EC /* Fliqs MoviesAppUITests */ = {
			isa = PBXGroup;
			children = (
				EF1B38DB297074F9001A18EC /* Fliqs_MoviesAppUITests.swift */,
				EF1B38DD297074F9001A18EC /* Fliqs_MoviesAppUITestsLaunchTests.swift */,
			);
			path = "Fliqs MoviesAppUITests";
			sourceTree = "<group>";
		};
		EF1B38EA29708859001A18EC /* Fonts */ = {
			isa = PBXGroup;
			children = (
				EF1B38EB297088BC001A18EC /* KoHo-Regular.ttf */,
				EF9004D22975E180006EDD63 /* Inter-Bold.ttf */,
				EF9004D12975E180006EDD63 /* Inter-Regular.ttf */,
			);
			path = Fonts;
			sourceTree = "<group>";
		};
		EF9004D62975EF07006EDD63 /* Screens */ = {
			isa = PBXGroup;
			children = (
				EF9004D72975EF1A006EDD63 /* Onboarding */,
			);
			path = Screens;
			sourceTree = "<group>";
		};
		EF9004D72975EF1A006EDD63 /* Onboarding */ = {
			isa = PBXGroup;
			children = (
				EF9004D82975EF4E006EDD63 /* OnboardingVC.swift */,
			);
			path = Onboarding;
			sourceTree = "<group>";
		};
		EF9004DA2979B6DF006EDD63 /* Extensions */ = {
			isa = PBXGroup;
			children = (
				EF9004DB2979B709006EDD63 /* UiView.swift */,
			);
			path = Extensions;
			sourceTree = "<group>";
		};
/* End PBXGroup section */

/* Begin PBXNativeTarget section */
		EF1B38B6297074F3001A18EC /* Fliqs MoviesApp */ = {
			isa = PBXNativeTarget;
			buildConfigurationList = EF1B38E1297074F9001A18EC /* Build configuration list for PBXNativeTarget "Fliqs MoviesApp" */;
			buildPhases = (
				EF1B38B3297074F3001A18EC /* Sources */,
				EF1B38B4297074F3001A18EC /* Frameworks */,
				EF1B38B5297074F3001A18EC /* Resources */,
			);
			buildRules = (
			);
			dependencies = (
			);
			name = "Fliqs MoviesApp";
			productName = "Fliqs MoviesApp";
			productReference = EF1B38B7297074F3001A18EC /* Fliqs MoviesApp.app */;
			productType = "com.apple.product-type.application";
		};
		EF1B38CC297074F9001A18EC /* Fliqs MoviesAppTests */ = {
			isa = PBXNativeTarget;
			buildConfigurationList = EF1B38E4297074F9001A18EC /* Build configuration list for PBXNativeTarget "Fliqs MoviesAppTests" */;
			buildPhases = (
				EF1B38C9297074F9001A18EC /* Sources */,
				EF1B38CA297074F9001A18EC /* Frameworks */,
				EF1B38CB297074F9001A18EC /* Resources */,
			);
			buildRules = (
			);
			dependencies = (
				EF1B38CF297074F9001A18EC /* PBXTargetDependency */,
			);
			name = "Fliqs MoviesAppTests";
			productName = "Fliqs MoviesAppTests";
			productReference = EF1B38CD297074F9001A18EC /* Fliqs MoviesAppTests.xctest */;
			productType = "com.apple.product-type.bundle.unit-test";
		};
		EF1B38D6297074F9001A18EC /* Fliqs MoviesAppUITests */ = {
			isa = PBXNativeTarget;
			buildConfigurationList = EF1B38E7297074F9001A18EC /* Build configuration list for PBXNativeTarget "Fliqs MoviesAppUITests" */;
			buildPhases = (
				EF1B38D3297074F9001A18EC /* Sources */,
				EF1B38D4297074F9001A18EC /* Frameworks */,
				EF1B38D5297074F9001A18EC /* Resources */,
			);
			buildRules = (
			);
			dependencies = (
				EF1B38D9297074F9001A18EC /* PBXTargetDependency */,
			);
			name = "Fliqs MoviesAppUITests";
			productName = "Fliqs MoviesAppUITests";
			productReference = EF1B38D7297074F9001A18EC /* Fliqs MoviesAppUITests.xctest */;
			productType = "com.apple.product-type.bundle.ui-testing";
		};
/* End PBXNativeTarget section */

/* Begin PBXProject section */
		EF1B38AF297074F2001A18EC /* Project object */ = {
			isa = PBXProject;
			attributes = {
				BuildIndependentTargetsInParallel = 1;
				LastSwiftUpdateCheck = 1330;
				LastUpgradeCheck = 1330;
				TargetAttributes = {
					EF1B38B6297074F3001A18EC = {
						CreatedOnToolsVersion = 13.3.1;
					};
					EF1B38CC297074F9001A18EC = {
						CreatedOnToolsVersion = 13.3.1;
						TestTargetID = EF1B38B6297074F3001A18EC;
					};
					EF1B38D6297074F9001A18EC = {
						CreatedOnToolsVersion = 13.3.1;
						TestTargetID = EF1B38B6297074F3001A18EC;
					};
				};
			};
			buildConfigurationList = EF1B38B2297074F2001A18EC /* Build configuration list for PBXProject "Fliqs MoviesApp" */;
			compatibilityVersion = "Xcode 13.0";
			developmentRegion = en;
			hasScannedForEncodings = 0;
			knownRegions = (
				en,
				Base,
			);
			mainGroup = EF1B38AE297074F2001A18EC;
			productRefGroup = EF1B38B8297074F3001A18EC /* Products */;
			projectDirPath = "";
			projectRoot = "";
			targets = (
				EF1B38B6297074F3001A18EC /* Fliqs MoviesApp */,
				EF1B38CC297074F9001A18EC /* Fliqs MoviesAppTests */,
				EF1B38D6297074F9001A18EC /* Fliqs MoviesAppUITests */,
			);
		};
/* End PBXProject section */

/* Begin PBXResourcesBuildPhase section */
		EF1B38B5297074F3001A18EC /* Resources */ = {
			isa = PBXResourcesBuildPhase;
			buildActionMask = 2147483647;
			files = (
				EF9004D42975E180006EDD63 /* Inter-Bold.ttf in Resources */,
				EF1B38EC297088BC001A18EC /* KoHo-Regular.ttf in Resources */,
				EF9004D32975E180006EDD63 /* Inter-Regular.ttf in Resources */,
				EF1B38C7297074F9001A18EC /* LaunchScreen.storyboard in Resources */,
				EF1B38C4297074F9001A18EC /* Assets.xcassets in Resources */,
				EF1B38C2297074F3001A18EC /* Main.storyboard in Resources */,
			);
			runOnlyForDeploymentPostprocessing = 0;
		};
		EF1B38CB297074F9001A18EC /* Resources */ = {
			isa = PBXResourcesBuildPhase;
			buildActionMask = 2147483647;
			files = (
				EF1B38ED297088BC001A18EC /* KoHo-Regular.ttf in Resources */,
			);
			runOnlyForDeploymentPostprocessing = 0;
		};
		EF1B38D5297074F9001A18EC /* Resources */ = {
			isa = PBXResourcesBuildPhase;
			buildActionMask = 2147483647;
			files = (
				EF1B38EE297088BC001A18EC /* KoHo-Regular.ttf in Resources */,
			);
			runOnlyForDeploymentPostprocessing = 0;
		};
/* End PBXResourcesBuildPhase section */

/* Begin PBXSourcesBuildPhase section */
		EF1B38B3297074F3001A18EC /* Sources */ = {
			isa = PBXSourcesBuildPhase;
			buildActionMask = 2147483647;
			files = (
				EF9004DC2979B709006EDD63 /* UiView.swift in Sources */,
				EF9004D92975EF4E006EDD63 /* OnboardingVC.swift in Sources */,
				EF1B38BB297074F3001A18EC /* AppDelegate.swift in Sources */,
				EF1B38BD297074F3001A18EC /* SceneDelegate.swift in Sources */,
			);
			runOnlyForDeploymentPostprocessing = 0;
		};
		EF1B38C9297074F9001A18EC /* Sources */ = {
			isa = PBXSourcesBuildPhase;
			buildActionMask = 2147483647;
			files = (
				EF1B38D2297074F9001A18EC /* Fliqs_MoviesAppTests.swift in Sources */,
			);
			runOnlyForDeploymentPostprocessing = 0;
		};
		EF1B38D3297074F9001A18EC /* Sources */ = {
			isa = PBXSourcesBuildPhase;
			buildActionMask = 2147483647;
			files = (
				EF1B38DC297074F9001A18EC /* Fliqs_MoviesAppUITests.swift in Sources */,
				EF1B38DE297074F9001A18EC /* Fliqs_MoviesAppUITestsLaunchTests.swift in Sources */,
			);
			runOnlyForDeploymentPostprocessing = 0;
		};
/* End PBXSourcesBuildPhase section */

/* Begin PBXTargetDependency section */
		EF1B38CF297074F9001A18EC /* PBXTargetDependency */ = {
			isa = PBXTargetDependency;
			target = EF1B38B6297074F3001A18EC /* Fliqs MoviesApp */;
			targetProxy = EF1B38CE297074F9001A18EC /* PBXContainerItemProxy */;
		};
		EF1B38D9297074F9001A18EC /* PBXTargetDependency */ = {
			isa = PBXTargetDependency;
			target = EF1B38B6297074F3001A18EC /* Fliqs MoviesApp */;
			targetProxy = EF1B38D8297074F9001A18EC /* PBXContainerItemProxy */;
		};
/* End PBXTargetDependency section */

/* Begin PBXVariantGroup section */
		EF1B38C0297074F3001A18EC /* Main.storyboard */ = {
			isa = PBXVariantGroup;
			children = (
				EF1B38C1297074F3001A18EC /* Base */,
			);
			name = Main.storyboard;
			sourceTree = "<group>";
		};
		EF1B38C5297074F9001A18EC /* LaunchScreen.storyboard */ = {
			isa = PBXVariantGroup;
			children = (
				EF1B38C6297074F9001A18EC /* Base */,
			);
			name = LaunchScreen.storyboard;
			sourceTree = "<group>";
		};
/* End PBXVariantGroup section */

/* Begin XCBuildConfiguration section */
		EF1B38DF297074F9001A18EC /* Debug */ = {
			isa = XCBuildConfiguration;
			buildSettings = {
				ALWAYS_SEARCH_USER_PATHS = NO;
				CLANG_ANALYZER_NONNULL = YES;
				CLANG_ANALYZER_NUMBER_OBJECT_CONVERSION = YES_AGGRESSIVE;
				CLANG_CXX_LANGUAGE_STANDARD = "gnu++17";
				CLANG_ENABLE_MODULES = YES;
				CLANG_ENABLE_OBJC_ARC = YES;
				CLANG_ENABLE_OBJC_WEAK = YES;
				CLANG_WARN_BLOCK_CAPTURE_AUTORELEASING = YES;
				CLANG_WARN_BOOL_CONVERSION = YES;
				CLANG_WARN_COMMA = YES;
				CLANG_WARN_CONSTANT_CONVERSION = YES;
				CLANG_WARN_DEPRECATED_OBJC_IMPLEMENTATIONS = YES;
				CLANG_WARN_DIRECT_OBJC_ISA_USAGE = YES_ERROR;
				CLANG_WARN_DOCUMENTATION_COMMENTS = YES;
				CLANG_WARN_EMPTY_BODY = YES;
				CLANG_WARN_ENUM_CONVERSION = YES;
				CLANG_WARN_INFINITE_RECURSION = YES;
				CLANG_WARN_INT_CONVERSION = YES;
				CLANG_WARN_NON_LITERAL_NULL_CONVERSION = YES;
				CLANG_WARN_OBJC_IMPLICIT_RETAIN_SELF = YES;
				CLANG_WARN_OBJC_LITERAL_CONVERSION = YES;
				CLANG_WARN_OBJC_ROOT_CLASS = YES_ERROR;
				CLANG_WARN_QUOTED_INCLUDE_IN_FRAMEWORK_HEADER = YES;
				CLANG_WARN_RANGE_LOOP_ANALYSIS = YES;
				CLANG_WARN_STRICT_PROTOTYPES = YES;
				CLANG_WARN_SUSPICIOUS_MOVE = YES;
				CLANG_WARN_UNGUARDED_AVAILABILITY = YES_AGGRESSIVE;
				CLANG_WARN_UNREACHABLE_CODE = YES;
				CLANG_WARN__DUPLICATE_METHOD_MATCH = YES;
				COPY_PHASE_STRIP = NO;
				DEBUG_INFORMATION_FORMAT = dwarf;
				ENABLE_STRICT_OBJC_MSGSEND = YES;
				ENABLE_TESTABILITY = YES;
				GCC_C_LANGUAGE_STANDARD = gnu11;
				GCC_DYNAMIC_NO_PIC = NO;
				GCC_NO_COMMON_BLOCKS = YES;
				GCC_OPTIMIZATION_LEVEL = 0;
				GCC_PREPROCESSOR_DEFINITIONS = (
					"DEBUG=1",
					"$(inherited)",
				);
				GCC_WARN_64_TO_32_BIT_CONVERSION = YES;
				GCC_WARN_ABOUT_RETURN_TYPE = YES_ERROR;
				GCC_WARN_UNDECLARED_SELECTOR = YES;
				GCC_WARN_UNINITIALIZED_AUTOS = YES_AGGRESSIVE;
				GCC_WARN_UNUSED_FUNCTION = YES;
				GCC_WARN_UNUSED_VARIABLE = YES;
				IPHONEOS_DEPLOYMENT_TARGET = 15.4;
				MTL_ENABLE_DEBUG_INFO = INCLUDE_SOURCE;
				MTL_FAST_MATH = YES;
				ONLY_ACTIVE_ARCH = YES;
				SDKROOT = iphoneos;
				SWIFT_ACTIVE_COMPILATION_CONDITIONS = DEBUG;
				SWIFT_OPTIMIZATION_LEVEL = "-Onone";
			};
			name = Debug;
		};
		EF1B38E0297074F9001A18EC /* Release */ = {
			isa = XCBuildConfiguration;
			buildSettings = {
				ALWAYS_SEARCH_USER_PATHS = NO;
				CLANG_ANALYZER_NONNULL = YES;
				CLANG_ANALYZER_NUMBER_OBJECT_CONVERSION = YES_AGGRESSIVE;
				CLANG_CXX_LANGUAGE_STANDARD = "gnu++17";
				CLANG_ENABLE_MODULES = YES;
				CLANG_ENABLE_OBJC_ARC = YES;
				CLANG_ENABLE_OBJC_WEAK = YES;
				CLANG_WARN_BLOCK_CAPTURE_AUTORELEASING = YES;
				CLANG_WARN_BOOL_CONVERSION = YES;
				CLANG_WARN_COMMA = YES;
				CLANG_WARN_CONSTANT_CONVERSION = YES;
				CLANG_WARN_DEPRECATED_OBJC_IMPLEMENTATIONS = YES;
				CLANG_WARN_DIRECT_OBJC_ISA_USAGE = YES_ERROR;
				CLANG_WARN_DOCUMENTATION_COMMENTS = YES;
				CLANG_WARN_EMPTY_BODY = YES;
				CLANG_WARN_ENUM_CONVERSION = YES;
				CLANG_WARN_INFINITE_RECURSION = YES;
				CLANG_WARN_INT_CONVERSION = YES;
				CLANG_WARN_NON_LITERAL_NULL_CONVERSION = YES;
				CLANG_WARN_OBJC_IMPLICIT_RETAIN_SELF = YES;
				CLANG_WARN_OBJC_LITERAL_CONVERSION = YES;
				CLANG_WARN_OBJC_ROOT_CLASS = YES_ERROR;
				CLANG_WARN_QUOTED_INCLUDE_IN_FRAMEWORK_HEADER = YES;
				CLANG_WARN_RANGE_LOOP_ANALYSIS = YES;
				CLANG_WARN_STRICT_PROTOTYPES = YES;
				CLANG_WARN_SUSPICIOUS_MOVE = YES;
				CLANG_WARN_UNGUARDED_AVAILABILITY = YES_AGGRESSIVE;
				CLANG_WARN_UNREACHABLE_CODE = YES;
				CLANG_WARN__DUPLICATE_METHOD_MATCH = YES;
				COPY_PHASE_STRIP = NO;
				DEBUG_INFORMATION_FORMAT = "dwarf-with-dsym";
				ENABLE_NS_ASSERTIONS = NO;
				ENABLE_STRICT_OBJC_MSGSEND = YES;
				GCC_C_LANGUAGE_STANDARD = gnu11;
				GCC_NO_COMMON_BLOCKS = YES;
				GCC_WARN_64_TO_32_BIT_CONVERSION = YES;
				GCC_WARN_ABOUT_RETURN_TYPE = YES_ERROR;
				GCC_WARN_UNDECLARED_SELECTOR = YES;
				GCC_WARN_UNINITIALIZED_AUTOS = YES_AGGRESSIVE;
				GCC_WARN_UNUSED_FUNCTION = YES;
				GCC_WARN_UNUSED_VARIABLE = YES;
				IPHONEOS_DEPLOYMENT_TARGET = 15.4;
				MTL_ENABLE_DEBUG_INFO = NO;
				MTL_FAST_MATH = YES;
				SDKROOT = iphoneos;
				SWIFT_COMPILATION_MODE = wholemodule;
				SWIFT_OPTIMIZATION_LEVEL = "-O";
				VALIDATE_PRODUCT = YES;
			};
			name = Release;
		};
		EF1B38E2297074F9001A18EC /* Debug */ = {
			isa = XCBuildConfiguration;
			buildSettings = {
				ASSETCATALOG_COMPILER_APPICON_NAME = AppIcon;
				ASSETCATALOG_COMPILER_GLOBAL_ACCENT_COLOR_NAME = AccentColor;
				CODE_SIGN_STYLE = Automatic;
				CURRENT_PROJECT_VERSION = 1;
				DEVELOPMENT_TEAM = JWJXRX98SF;
				GENERATE_INFOPLIST_FILE = YES;
				INFOPLIST_FILE = "Fliqs MoviesApp/Info.plist";
				INFOPLIST_KEY_UIApplicationSupportsIndirectInputEvents = YES;
				INFOPLIST_KEY_UILaunchStoryboardName = LaunchScreen;
				INFOPLIST_KEY_UIMainStoryboardFile = Main;
				INFOPLIST_KEY_UISupportedInterfaceOrientations_iPad = "UIInterfaceOrientationPortrait UIInterfaceOrientationPortraitUpsideDown UIInterfaceOrientationLandscapeLeft UIInterfaceOrientationLandscapeRight";
				INFOPLIST_KEY_UISupportedInterfaceOrientations_iPhone = "UIInterfaceOrientationPortrait UIInterfaceOrientationLandscapeLeft UIInterfaceOrientationLandscapeRight";
				LD_RUNPATH_SEARCH_PATHS = (
					"$(inherited)",
					"@executable_path/Frameworks",
				);
				MARKETING_VERSION = 1.0;
				PRODUCT_BUNDLE_IDENTIFIER = "coldyzz.dev.Fliqs-MoviesApp";
				PRODUCT_NAME = "$(TARGET_NAME)";
				SWIFT_EMIT_LOC_STRINGS = YES;
				SWIFT_VERSION = 5.0;
				TARGETED_DEVICE_FAMILY = "1,2";
			};
			name = Debug;
		};
		EF1B38E3297074F9001A18EC /* Release */ = {
			isa = XCBuildConfiguration;
			buildSettings = {
				ASSETCATALOG_COMPILER_APPICON_NAME = AppIcon;
				ASSETCATALOG_COMPILER_GLOBAL_ACCENT_COLOR_NAME = AccentColor;
				CODE_SIGN_STYLE = Automatic;
				CURRENT_PROJECT_VERSION = 1;
				DEVELOPMENT_TEAM = JWJXRX98SF;
				GENERATE_INFOPLIST_FILE = YES;
				INFOPLIST_FILE = "Fliqs MoviesApp/Info.plist";
				INFOPLIST_KEY_UIApplicationSupportsIndirectInputEvents = YES;
				INFOPLIST_KEY_UILaunchStoryboardName = LaunchScreen;
				INFOPLIST_KEY_UIMainStoryboardFile = Main;
				INFOPLIST_KEY_UISupportedInterfaceOrientations_iPad = "UIInterfaceOrientationPortrait UIInterfaceOrientationPortraitUpsideDown UIInterfaceOrientationLandscapeLeft UIInterfaceOrientationLandscapeRight";
				INFOPLIST_KEY_UISupportedInterfaceOrientations_iPhone = "UIInterfaceOrientationPortrait UIInterfaceOrientationLandscapeLeft UIInterfaceOrientationLandscapeRight";
				LD_RUNPATH_SEARCH_PATHS = (
					"$(inherited)",
					"@executable_path/Frameworks",
				);
				MARKETING_VERSION = 1.0;
				PRODUCT_BUNDLE_IDENTIFIER = "coldyzz.dev.Fliqs-MoviesApp";
				PRODUCT_NAME = "$(TARGET_NAME)";
				SWIFT_EMIT_LOC_STRINGS = YES;
				SWIFT_VERSION = 5.0;
				TARGETED_DEVICE_FAMILY = "1,2";
			};
			name = Release;
		};
		EF1B38E5297074F9001A18EC /* Debug */ = {
			isa = XCBuildConfiguration;
			buildSettings = {
				ALWAYS_EMBED_SWIFT_STANDARD_LIBRARIES = YES;
				BUNDLE_LOADER = "$(TEST_HOST)";
				CODE_SIGN_STYLE = Automatic;
				CURRENT_PROJECT_VERSION = 1;
				DEVELOPMENT_TEAM = JWJXRX98SF;
				GENERATE_INFOPLIST_FILE = YES;
				IPHONEOS_DEPLOYMENT_TARGET = 15.4;
				MARKETING_VERSION = 1.0;
				PRODUCT_BUNDLE_IDENTIFIER = "coldyzz.dev.Fliqs-MoviesAppTests";
				PRODUCT_NAME = "$(TARGET_NAME)";
				SWIFT_EMIT_LOC_STRINGS = NO;
				SWIFT_VERSION = 5.0;
				TARGETED_DEVICE_FAMILY = "1,2";
				TEST_HOST = "$(BUILT_PRODUCTS_DIR)/Fliqs MoviesApp.app/Fliqs MoviesApp";
			};
			name = Debug;
		};
		EF1B38E6297074F9001A18EC /* Release */ = {
			isa = XCBuildConfiguration;
			buildSettings = {
				ALWAYS_EMBED_SWIFT_STANDARD_LIBRARIES = YES;
				BUNDLE_LOADER = "$(TEST_HOST)";
				CODE_SIGN_STYLE = Automatic;
				CURRENT_PROJECT_VERSION = 1;
				DEVELOPMENT_TEAM = JWJXRX98SF;
				GENERATE_INFOPLIST_FILE = YES;
				IPHONEOS_DEPLOYMENT_TARGET = 15.4;
				MARKETING_VERSION = 1.0;
				PRODUCT_BUNDLE_IDENTIFIER = "coldyzz.dev.Fliqs-MoviesAppTests";
				PRODUCT_NAME = "$(TARGET_NAME)";
				SWIFT_EMIT_LOC_STRINGS = NO;
				SWIFT_VERSION = 5.0;
				TARGETED_DEVICE_FAMILY = "1,2";
				TEST_HOST = "$(BUILT_PRODUCTS_DIR)/Fliqs MoviesApp.app/Fliqs MoviesApp";
			};
			name = Release;
		};
		EF1B38E8297074F9001A18EC /* Debug */ = {
			isa = XCBuildConfiguration;
			buildSettings = {
				ALWAYS_EMBED_SWIFT_STANDARD_LIBRARIES = YES;
				CODE_SIGN_STYLE = Automatic;
				CURRENT_PROJECT_VERSION = 1;
				DEVELOPMENT_TEAM = JWJXRX98SF;
				GENERATE_INFOPLIST_FILE = YES;
				MARKETING_VERSION = 1.0;
				PRODUCT_BUNDLE_IDENTIFIER = "coldyzz.dev.Fliqs-MoviesAppUITests";
				PRODUCT_NAME = "$(TARGET_NAME)";
				SWIFT_EMIT_LOC_STRINGS = NO;
				SWIFT_VERSION = 5.0;
				TARGETED_DEVICE_FAMILY = "1,2";
				TEST_TARGET_NAME = "Fliqs MoviesApp";
			};
			name = Debug;
		};
		EF1B38E9297074F9001A18EC /* Release */ = {
			isa = XCBuildConfiguration;
			buildSettings = {
				ALWAYS_EMBED_SWIFT_STANDARD_LIBRARIES = YES;
				CODE_SIGN_STYLE = Automatic;
				CURRENT_PROJECT_VERSION = 1;
				DEVELOPMENT_TEAM = JWJXRX98SF;
				GENERATE_INFOPLIST_FILE = YES;
				MARKETING_VERSION = 1.0;
				PRODUCT_BUNDLE_IDENTIFIER = "coldyzz.dev.Fliqs-MoviesAppUITests";
				PRODUCT_NAME = "$(TARGET_NAME)";
				SWIFT_EMIT_LOC_STRINGS = NO;
				SWIFT_VERSION = 5.0;
				TARGETED_DEVICE_FAMILY = "1,2";
				TEST_TARGET_NAME = "Fliqs MoviesApp";
			};
			name = Release;
		};
/* End XCBuildConfiguration section */

/* Begin XCConfigurationList section */
		EF1B38B2297074F2001A18EC /* Build configuration list for PBXProject "Fliqs MoviesApp" */ = {
			isa = XCConfigurationList;
			buildConfigurations = (
				EF1B38DF297074F9001A18EC /* Debug */,
				EF1B38E0297074F9001A18EC /* Release */,
			);
			defaultConfigurationIsVisible = 0;
			defaultConfigurationName = Release;
		};
		EF1B38E1297074F9001A18EC /* Build configuration list for PBXNativeTarget "Fliqs MoviesApp" */ = {
			isa = XCConfigurationList;
			buildConfigurations = (
				EF1B38E2297074F9001A18EC /* Debug */,
				EF1B38E3297074F9001A18EC /* Release */,
			);
			defaultConfigurationIsVisible = 0;
			defaultConfigurationName = Release;
		};
		EF1B38E4297074F9001A18EC /* Build configuration list for PBXNativeTarget "Fliqs MoviesAppTests" */ = {
			isa = XCConfigurationList;
			buildConfigurations = (
				EF1B38E5297074F9001A18EC /* Debug */,
				EF1B38E6297074F9001A18EC /* Release */,
			);
			defaultConfigurationIsVisible = 0;
			defaultConfigurationName = Release;
		};
		EF1B38E7297074F9001A18EC /* Build configuration list for PBXNativeTarget "Fliqs MoviesAppUITests" */ = {
			isa = XCConfigurationList;
			buildConfigurations = (
				EF1B38E8297074F9001A18EC /* Debug */,
				EF1B38E9297074F9001A18EC /* Release */,
			);
			defaultConfigurationIsVisible = 0;
			defaultConfigurationName = Release;
		};
/* End XCConfigurationList section */
	};
	rootObject = EF1B38AF297074F2001A18EC /* Project object */;
}
